// !$*UTF8*$!
{
	archiveVersion = 1;
	classes = {
	};
	objectVersion = 51;
	objects = {

/* Begin PBXBuildFile section */
		041265F323722A27009C5E2B /* AppDelegate.swift in Sources */ = {isa = PBXBuildFile; fileRef = 041265F223722A27009C5E2B /* AppDelegate.swift */; };
		041265F523722A27009C5E2B /* ViewController.swift in Sources */ = {isa = PBXBuildFile; fileRef = 041265F423722A27009C5E2B /* ViewController.swift */; };
		041265F823722A27009C5E2B /* Main.storyboard in Resources */ = {isa = PBXBuildFile; fileRef = 041265F623722A27009C5E2B /* Main.storyboard */; };
		041265FA23722A2A009C5E2B /* Assets.xcassets in Resources */ = {isa = PBXBuildFile; fileRef = 041265F923722A2A009C5E2B /* Assets.xcassets */; };
		041265FD23722A2A009C5E2B /* LaunchScreen.storyboard in Resources */ = {isa = PBXBuildFile; fileRef = 041265FB23722A2A009C5E2B /* LaunchScreen.storyboard */; };
		0412660D23724D6F009C5E2B /* LoginVC.swift in Sources */ = {isa = PBXBuildFile; fileRef = 0412660C23724D6F009C5E2B /* LoginVC.swift */; };
		041266102372554E009C5E2B /* colors.swift in Sources */ = {isa = PBXBuildFile; fileRef = 0412660F2372554E009C5E2B /* colors.swift */; };
		0412661C237271A7009C5E2B /* fa-solid-900.ttf in Resources */ = {isa = PBXBuildFile; fileRef = 04126619237271A5009C5E2B /* fa-solid-900.ttf */; };
		0412661D237271A7009C5E2B /* fa-brands-400.ttf in Resources */ = {isa = PBXBuildFile; fileRef = 0412661A237271A6009C5E2B /* fa-brands-400.ttf */; };
		0412661E237271A7009C5E2B /* fa-regular-400.ttf in Resources */ = {isa = PBXBuildFile; fileRef = 0412661B237271A6009C5E2B /* fa-regular-400.ttf */; };
		0412662023727341009C5E2B /* GoogleService-Info.plist in Resources */ = {isa = PBXBuildFile; fileRef = 0412661F23727340009C5E2B /* GoogleService-Info.plist */; };
		7F08B03A23730B710013EE62 /* RegisterVC.swift in Sources */ = {isa = PBXBuildFile; fileRef = 7F08B03923730B710013EE62 /* RegisterVC.swift */; };
		7F08B03C23730BA90013EE62 /* CheckAuthVC.swift in Sources */ = {isa = PBXBuildFile; fileRef = 7F08B03B23730BA90013EE62 /* CheckAuthVC.swift */; };
		7F08B03E23730BD40013EE62 /* SubmitInviteCodeVC.swift in Sources */ = {isa = PBXBuildFile; fileRef = 7F08B03D23730BD40013EE62 /* SubmitInviteCodeVC.swift */; };
		7F08B04023730C2A0013EE62 /* ResetPasswordVC.swift in Sources */ = {isa = PBXBuildFile; fileRef = 7F08B03F23730C2A0013EE62 /* ResetPasswordVC.swift */; };
		7F24CCBB2373102D00D8E74C /* MyFirebase.swift in Sources */ = {isa = PBXBuildFile; fileRef = 7F24CCBA2373102D00D8E74C /* MyFirebase.swift */; };
		FCB068BBBA7E67593342406C /* Pods_EGVApp.framework in Frameworks */ = {isa = PBXBuildFile; fileRef = DBC413B72F73A5B3E8CD6D27 /* Pods_EGVApp.framework */; };
/* End PBXBuildFile section */

/* Begin PBXFileReference section */
		041265EF23722A27009C5E2B /* EGVApp.app */ = {isa = PBXFileReference; explicitFileType = wrapper.application; includeInIndex = 0; path = EGVApp.app; sourceTree = BUILT_PRODUCTS_DIR; };
		041265F223722A27009C5E2B /* AppDelegate.swift */ = {isa = PBXFileReference; lastKnownFileType = sourcecode.swift; path = AppDelegate.swift; sourceTree = "<group>"; };
		041265F423722A27009C5E2B /* ViewController.swift */ = {isa = PBXFileReference; lastKnownFileType = sourcecode.swift; path = ViewController.swift; sourceTree = "<group>"; };
		041265F723722A27009C5E2B /* Base */ = {isa = PBXFileReference; lastKnownFileType = file.storyboard; name = Base; path = Base.lproj/Main.storyboard; sourceTree = "<group>"; };
		041265F923722A2A009C5E2B /* Assets.xcassets */ = {isa = PBXFileReference; lastKnownFileType = folder.assetcatalog; path = Assets.xcassets; sourceTree = "<group>"; };
		041265FC23722A2A009C5E2B /* Base */ = {isa = PBXFileReference; lastKnownFileType = file.storyboard; name = Base; path = Base.lproj/LaunchScreen.storyboard; sourceTree = "<group>"; };
		041265FE23722A2A009C5E2B /* Info.plist */ = {isa = PBXFileReference; lastKnownFileType = text.plist.xml; path = Info.plist; sourceTree = "<group>"; };
		0412660C23724D6F009C5E2B /* LoginVC.swift */ = {isa = PBXFileReference; lastKnownFileType = sourcecode.swift; path = LoginVC.swift; sourceTree = "<group>"; };
		0412660F2372554E009C5E2B /* colors.swift */ = {isa = PBXFileReference; lastKnownFileType = sourcecode.swift; path = colors.swift; sourceTree = "<group>"; };
		04126619237271A5009C5E2B /* fa-solid-900.ttf */ = {isa = PBXFileReference; lastKnownFileType = file; path = "fa-solid-900.ttf"; sourceTree = "<group>"; };
		0412661A237271A6009C5E2B /* fa-brands-400.ttf */ = {isa = PBXFileReference; lastKnownFileType = file; path = "fa-brands-400.ttf"; sourceTree = "<group>"; };
		0412661B237271A6009C5E2B /* fa-regular-400.ttf */ = {isa = PBXFileReference; lastKnownFileType = file; path = "fa-regular-400.ttf"; sourceTree = "<group>"; };
		0412661F23727340009C5E2B /* GoogleService-Info.plist */ = {isa = PBXFileReference; fileEncoding = 4; lastKnownFileType = text.plist.xml; path = "GoogleService-Info.plist"; sourceTree = "<group>"; };
		38D16E11099B0B09AD830A39 /* Pods-EGVApp.debug.xcconfig */ = {isa = PBXFileReference; includeInIndex = 1; lastKnownFileType = text.xcconfig; name = "Pods-EGVApp.debug.xcconfig"; path = "Target Support Files/Pods-EGVApp/Pods-EGVApp.debug.xcconfig"; sourceTree = "<group>"; };
		72A69298F46A22B7E769D283 /* Pods-EGVApp.release.xcconfig */ = {isa = PBXFileReference; includeInIndex = 1; lastKnownFileType = text.xcconfig; name = "Pods-EGVApp.release.xcconfig"; path = "Target Support Files/Pods-EGVApp/Pods-EGVApp.release.xcconfig"; sourceTree = "<group>"; };
		7F08B03923730B710013EE62 /* RegisterVC.swift */ = {isa = PBXFileReference; lastKnownFileType = sourcecode.swift; path = RegisterVC.swift; sourceTree = "<group>"; };
		7F08B03B23730BA90013EE62 /* CheckAuthVC.swift */ = {isa = PBXFileReference; lastKnownFileType = sourcecode.swift; path = CheckAuthVC.swift; sourceTree = "<group>"; };
		7F08B03D23730BD40013EE62 /* SubmitInviteCodeVC.swift */ = {isa = PBXFileReference; lastKnownFileType = sourcecode.swift; path = SubmitInviteCodeVC.swift; sourceTree = "<group>"; };
		7F08B03F23730C2A0013EE62 /* ResetPasswordVC.swift */ = {isa = PBXFileReference; lastKnownFileType = sourcecode.swift; path = ResetPasswordVC.swift; sourceTree = "<group>"; };
		7F24CCBA2373102D00D8E74C /* MyFirebase.swift */ = {isa = PBXFileReference; lastKnownFileType = sourcecode.swift; name = MyFirebase.swift; path = "EGVApp/Controller/New Group/MyFirebase.swift"; sourceTree = SOURCE_ROOT; };
		DBC413B72F73A5B3E8CD6D27 /* Pods_EGVApp.framework */ = {isa = PBXFileReference; explicitFileType = wrapper.framework; includeInIndex = 0; path = Pods_EGVApp.framework; sourceTree = BUILT_PRODUCTS_DIR; };
/* End PBXFileReference section */

/* Begin PBXFrameworksBuildPhase section */
		041265EC23722A27009C5E2B /* Frameworks */ = {
			isa = PBXFrameworksBuildPhase;
			buildActionMask = 2147483647;
			files = (
				FCB068BBBA7E67593342406C /* Pods_EGVApp.framework in Frameworks */,
			);
			runOnlyForDeploymentPostprocessing = 0;
		};
/* End PBXFrameworksBuildPhase section */

/* Begin PBXGroup section */
		041265E623722A27009C5E2B = {
			isa = PBXGroup;
			children = (
				041265F123722A27009C5E2B /* EGVApp */,
				041265F023722A27009C5E2B /* Products */,
				DFA4A777BBB33BD132D044D6 /* Pods */,
				8E480A55DCA2311FD0474FB2 /* Frameworks */,
			);
			sourceTree = "<group>";
		};
		041265F023722A27009C5E2B /* Products */ = {
			isa = PBXGroup;
			children = (
				041265EF23722A27009C5E2B /* EGVApp.app */,
			);
			name = Products;
			sourceTree = "<group>";
		};
		041265F123722A27009C5E2B /* EGVApp */ = {
			isa = PBXGroup;
			children = (
				0412660823724C91009C5E2B /* API */,
				0412660723724C82009C5E2B /* View */,
				0412660623724C71009C5E2B /* Model */,
				0412660523724C62009C5E2B /* Controller */,
				0412660923724C9A009C5E2B /* Util */,
				041265F223722A27009C5E2B /* AppDelegate.swift */,
				041265F423722A27009C5E2B /* ViewController.swift */,
				041265F923722A2A009C5E2B /* Assets.xcassets */,
				041265FE23722A2A009C5E2B /* Info.plist */,
				0412661F23727340009C5E2B /* GoogleService-Info.plist */,
			);
			path = EGVApp;
			sourceTree = "<group>";
		};
		0412660523724C62009C5E2B /* Controller */ = {
			isa = PBXGroup;
			children = (
				0412660E23724D77009C5E2B /* Auth */,
			);
			path = Controller;
			sourceTree = "<group>";
		};
		0412660623724C71009C5E2B /* Model */ = {
			isa = PBXGroup;
			children = (
			);
			path = Model;
			sourceTree = "<group>";
		};
		0412660723724C82009C5E2B /* View */ = {
			isa = PBXGroup;
			children = (
				0412661123726EA0009C5E2B /* assets */,
				041265F623722A27009C5E2B /* Main.storyboard */,
				041265FB23722A2A009C5E2B /* LaunchScreen.storyboard */,
			);
			path = View;
			sourceTree = "<group>";
		};
		0412660823724C91009C5E2B /* API */ = {
			isa = PBXGroup;
			children = (
				7F24CCBA2373102D00D8E74C /* MyFirebase.swift */,
			);
			path = API;
			sourceTree = "<group>";
		};
		0412660923724C9A009C5E2B /* Util */ = {
			isa = PBXGroup;
			children = (
				0412660F2372554E009C5E2B /* colors.swift */,
			);
			path = Util;
			sourceTree = "<group>";
		};
		0412660E23724D77009C5E2B /* Auth */ = {
			isa = PBXGroup;
			children = (
				0412660C23724D6F009C5E2B /* LoginVC.swift */,
				7F08B03923730B710013EE62 /* RegisterVC.swift */,
				7F08B03B23730BA90013EE62 /* CheckAuthVC.swift */,
				7F08B03D23730BD40013EE62 /* SubmitInviteCodeVC.swift */,
				7F08B03F23730C2A0013EE62 /* ResetPasswordVC.swift */,
			);
			name = Auth;
			path = "New Group";
			sourceTree = "<group>";
		};
		0412661123726EA0009C5E2B /* assets */ = {
			isa = PBXGroup;
			children = (
				0412661223726EA7009C5E2B /* fonts */,
			);
			path = assets;
			sourceTree = "<group>";
		};
		0412661223726EA7009C5E2B /* fonts */ = {
			isa = PBXGroup;
			children = (
				0412661A237271A6009C5E2B /* fa-brands-400.ttf */,
				0412661B237271A6009C5E2B /* fa-regular-400.ttf */,
				04126619237271A5009C5E2B /* fa-solid-900.ttf */,
			);
			path = fonts;
			sourceTree = "<group>";
		};
		8E480A55DCA2311FD0474FB2 /* Frameworks */ = {
			isa = PBXGroup;
			children = (
				DBC413B72F73A5B3E8CD6D27 /* Pods_EGVApp.framework */,
			);
			name = Frameworks;
			sourceTree = "<group>";
		};
		DFA4A777BBB33BD132D044D6 /* Pods */ = {
			isa = PBXGroup;
			children = (
				38D16E11099B0B09AD830A39 /* Pods-EGVApp.debug.xcconfig */,
				72A69298F46A22B7E769D283 /* Pods-EGVApp.release.xcconfig */,
			);
			path = Pods;
			sourceTree = "<group>";
		};
/* End PBXGroup section */

/* Begin PBXNativeTarget section */
		041265EE23722A27009C5E2B /* EGVApp */ = {
			isa = PBXNativeTarget;
			buildConfigurationList = 0412660123722A2A009C5E2B /* Build configuration list for PBXNativeTarget "EGVApp" */;
			buildPhases = (
				CC26F4346D80CA85A197545A /* [CP] Check Pods Manifest.lock */,
				041265EB23722A27009C5E2B /* Sources */,
				041265EC23722A27009C5E2B /* Frameworks */,
				041265ED23722A27009C5E2B /* Resources */,
				7FC93E8C824E79CBF82112F1 /* [CP] Embed Pods Frameworks */,
				FF114A9C194F4BBE935B2B3A /* [CP] Copy Pods Resources */,
			);
			buildRules = (
			);
			dependencies = (
			);
			name = EGVApp;
			productName = EGVApp;
			productReference = 041265EF23722A27009C5E2B /* EGVApp.app */;
			productType = "com.apple.product-type.application";
		};
/* End PBXNativeTarget section */

/* Begin PBXProject section */
		041265E723722A27009C5E2B /* Project object */ = {
			isa = PBXProject;
			attributes = {
				LastSwiftUpdateCheck = 1020;
				LastUpgradeCheck = 1020;
				ORGANIZATIONNAME = "Fabrício Augusto";
				TargetAttributes = {
					041265EE23722A27009C5E2B = {
						CreatedOnToolsVersion = 10.2.1;
					};
				};
			};
			buildConfigurationList = 041265EA23722A27009C5E2B /* Build configuration list for PBXProject "EGVApp" */;
			compatibilityVersion = "Xcode 9.3";
			developmentRegion = en;
			hasScannedForEncodings = 0;
			knownRegions = (
				en,
				Base,
			);
			mainGroup = 041265E623722A27009C5E2B;
			productRefGroup = 041265F023722A27009C5E2B /* Products */;
			projectDirPath = "";
			projectRoot = "";
			targets = (
				041265EE23722A27009C5E2B /* EGVApp */,
			);
		};
/* End PBXProject section */

/* Begin PBXResourcesBuildPhase section */
		041265ED23722A27009C5E2B /* Resources */ = {
			isa = PBXResourcesBuildPhase;
			buildActionMask = 2147483647;
			files = (
				041265FD23722A2A009C5E2B /* LaunchScreen.storyboard in Resources */,
				0412661C237271A7009C5E2B /* fa-solid-900.ttf in Resources */,
				041265FA23722A2A009C5E2B /* Assets.xcassets in Resources */,
				0412661E237271A7009C5E2B /* fa-regular-400.ttf in Resources */,
				041265F823722A27009C5E2B /* Main.storyboard in Resources */,
				0412661D237271A7009C5E2B /* fa-brands-400.ttf in Resources */,
				0412662023727341009C5E2B /* GoogleService-Info.plist in Resources */,
			);
			runOnlyForDeploymentPostprocessing = 0;
		};
/* End PBXResourcesBuildPhase section */

/* Begin PBXShellScriptBuildPhase section */
		7FC93E8C824E79CBF82112F1 /* [CP] Embed Pods Frameworks */ = {
			isa = PBXShellScriptBuildPhase;
			buildActionMask = 2147483647;
			files = (
			);
			inputFileListPaths = (
				"${PODS_ROOT}/Target Support Files/Pods-EGVApp/Pods-EGVApp-frameworks-${CONFIGURATION}-input-files.xcfilelist",
			);
			name = "[CP] Embed Pods Frameworks";
			outputFileListPaths = (
				"${PODS_ROOT}/Target Support Files/Pods-EGVApp/Pods-EGVApp-frameworks-${CONFIGURATION}-output-files.xcfilelist",
			);
			runOnlyForDeploymentPostprocessing = 0;
			shellPath = /bin/sh;
			shellScript = "\"${PODS_ROOT}/Target Support Files/Pods-EGVApp/Pods-EGVApp-frameworks.sh\"\n";
			showEnvVarsInLog = 0;
		};
		CC26F4346D80CA85A197545A /* [CP] Check Pods Manifest.lock */ = {
			isa = PBXShellScriptBuildPhase;
			buildActionMask = 2147483647;
			files = (
			);
			inputFileListPaths = (
			);
			inputPaths = (
				"${PODS_PODFILE_DIR_PATH}/Podfile.lock",
				"${PODS_ROOT}/Manifest.lock",
			);
			name = "[CP] Check Pods Manifest.lock";
			outputFileListPaths = (
			);
			outputPaths = (
				"$(DERIVED_FILE_DIR)/Pods-EGVApp-checkManifestLockResult.txt",
			);
			runOnlyForDeploymentPostprocessing = 0;
			shellPath = /bin/sh;
			shellScript = "diff \"${PODS_PODFILE_DIR_PATH}/Podfile.lock\" \"${PODS_ROOT}/Manifest.lock\" > /dev/null\nif [ $? != 0 ] ; then\n    # print error to STDERR\n    echo \"error: The sandbox is not in sync with the Podfile.lock. Run 'pod install' or update your CocoaPods installation.\" >&2\n    exit 1\nfi\n# This output is used by Xcode 'outputs' to avoid re-running this script phase.\necho \"SUCCESS\" > \"${SCRIPT_OUTPUT_FILE_0}\"\n";
			showEnvVarsInLog = 0;
		};
		FF114A9C194F4BBE935B2B3A /* [CP] Copy Pods Resources */ = {
			isa = PBXShellScriptBuildPhase;
			buildActionMask = 2147483647;
			files = (
			);
			inputFileListPaths = (
				"${PODS_ROOT}/Target Support Files/Pods-EGVApp/Pods-EGVApp-resources-${CONFIGURATION}-input-files.xcfilelist",
			);
			name = "[CP] Copy Pods Resources";
			outputFileListPaths = (
				"${PODS_ROOT}/Target Support Files/Pods-EGVApp/Pods-EGVApp-resources-${CONFIGURATION}-output-files.xcfilelist",
			);
			runOnlyForDeploymentPostprocessing = 0;
			shellPath = /bin/sh;
			shellScript = "\"${PODS_ROOT}/Target Support Files/Pods-EGVApp/Pods-EGVApp-resources.sh\"\n";
			showEnvVarsInLog = 0;
		};
/* End PBXShellScriptBuildPhase section */

/* Begin PBXSourcesBuildPhase section */
		041265EB23722A27009C5E2B /* Sources */ = {
			isa = PBXSourcesBuildPhase;
			buildActionMask = 2147483647;
			files = (
				041265F523722A27009C5E2B /* ViewController.swift in Sources */,
				041266102372554E009C5E2B /* colors.swift in Sources */,
				041265F323722A27009C5E2B /* AppDelegate.swift in Sources */,
				7F08B03C23730BA90013EE62 /* CheckAuthVC.swift in Sources */,
				7F08B03E23730BD40013EE62 /* SubmitInviteCodeVC.swift in Sources */,
				0412660D23724D6F009C5E2B /* LoginVC.swift in Sources */,
				7F24CCBB2373102D00D8E74C /* MyFirebase.swift in Sources */,
				7F08B03A23730B710013EE62 /* RegisterVC.swift in Sources */,
				7F08B04023730C2A0013EE62 /* ResetPasswordVC.swift in Sources */,
			);
			runOnlyForDeploymentPostprocessing = 0;
		};
/* End PBXSourcesBuildPhase section */

/* Begin PBXVariantGroup section */
		041265F623722A27009C5E2B /* Main.storyboard */ = {
			isa = PBXVariantGroup;
			children = (
				041265F723722A27009C5E2B /* Base */,
			);
			name = Main.storyboard;
			sourceTree = "<group>";
		};
		041265FB23722A2A009C5E2B /* LaunchScreen.storyboard */ = {
			isa = PBXVariantGroup;
			children = (
				041265FC23722A2A009C5E2B /* Base */,
			);
			name = LaunchScreen.storyboard;
			sourceTree = "<group>";
		};
/* End PBXVariantGroup section */

/* Begin XCBuildConfiguration section */
		041265FF23722A2A009C5E2B /* Debug */ = {
			isa = XCBuildConfiguration;
			buildSettings = {
				ALWAYS_SEARCH_USER_PATHS = NO;
				CLANG_ANALYZER_NONNULL = YES;
				CLANG_ANALYZER_NUMBER_OBJECT_CONVERSION = YES_AGGRESSIVE;
				CLANG_CXX_LANGUAGE_STANDARD = "gnu++14";
				CLANG_CXX_LIBRARY = "libc++";
				CLANG_ENABLE_MODULES = YES;
				CLANG_ENABLE_OBJC_ARC = YES;
				CLANG_ENABLE_OBJC_WEAK = YES;
				CLANG_WARN_BLOCK_CAPTURE_AUTORELEASING = YES;
				CLANG_WARN_BOOL_CONVERSION = YES;
				CLANG_WARN_COMMA = YES;
				CLANG_WARN_CONSTANT_CONVERSION = YES;
				CLANG_WARN_DEPRECATED_OBJC_IMPLEMENTATIONS = YES;
				CLANG_WARN_DIRECT_OBJC_ISA_USAGE = YES_ERROR;
				CLANG_WARN_DOCUMENTATION_COMMENTS = YES;
				CLANG_WARN_EMPTY_BODY = YES;
				CLANG_WARN_ENUM_CONVERSION = YES;
				CLANG_WARN_INFINITE_RECURSION = YES;
				CLANG_WARN_INT_CONVERSION = YES;
				CLANG_WARN_NON_LITERAL_NULL_CONVERSION = YES;
				CLANG_WARN_OBJC_IMPLICIT_RETAIN_SELF = YES;
				CLANG_WARN_OBJC_LITERAL_CONVERSION = YES;
				CLANG_WARN_OBJC_ROOT_CLASS = YES_ERROR;
				CLANG_WARN_RANGE_LOOP_ANALYSIS = YES;
				CLANG_WARN_STRICT_PROTOTYPES = YES;
				CLANG_WARN_SUSPICIOUS_MOVE = YES;
				CLANG_WARN_UNGUARDED_AVAILABILITY = YES_AGGRESSIVE;
				CLANG_WARN_UNREACHABLE_CODE = YES;
				CLANG_WARN__DUPLICATE_METHOD_MATCH = YES;
				CODE_SIGN_IDENTITY = "iPhone Developer";
				COPY_PHASE_STRIP = NO;
				DEBUG_INFORMATION_FORMAT = dwarf;
				ENABLE_STRICT_OBJC_MSGSEND = YES;
				ENABLE_TESTABILITY = YES;
				GCC_C_LANGUAGE_STANDARD = gnu11;
				GCC_DYNAMIC_NO_PIC = NO;
				GCC_NO_COMMON_BLOCKS = YES;
				GCC_OPTIMIZATION_LEVEL = 0;
				GCC_PREPROCESSOR_DEFINITIONS = (
					"DEBUG=1",
					"$(inherited)",
				);
				GCC_WARN_64_TO_32_BIT_CONVERSION = YES;
				GCC_WARN_ABOUT_RETURN_TYPE = YES_ERROR;
				GCC_WARN_UNDECLARED_SELECTOR = YES;
				GCC_WARN_UNINITIALIZED_AUTOS = YES_AGGRESSIVE;
				GCC_WARN_UNUSED_FUNCTION = YES;
				GCC_WARN_UNUSED_VARIABLE = YES;
				IPHONEOS_DEPLOYMENT_TARGET = 12.2;
				MTL_ENABLE_DEBUG_INFO = INCLUDE_SOURCE;
				MTL_FAST_MATH = YES;
				ONLY_ACTIVE_ARCH = YES;
				SDKROOT = iphoneos;
				SWIFT_ACTIVE_COMPILATION_CONDITIONS = DEBUG;
				SWIFT_OPTIMIZATION_LEVEL = "-Onone";
			};
			name = Debug;
		};
		0412660023722A2A009C5E2B /* Release */ = {
			isa = XCBuildConfiguration;
			buildSettings = {
				ALWAYS_SEARCH_USER_PATHS = NO;
				CLANG_ANALYZER_NONNULL = YES;
				CLANG_ANALYZER_NUMBER_OBJECT_CONVERSION = YES_AGGRESSIVE;
				CLANG_CXX_LANGUAGE_STANDARD = "gnu++14";
				CLANG_CXX_LIBRARY = "libc++";
				CLANG_ENABLE_MODULES = YES;
				CLANG_ENABLE_OBJC_ARC = YES;
				CLANG_ENABLE_OBJC_WEAK = YES;
				CLANG_WARN_BLOCK_CAPTURE_AUTORELEASING = YES;
				CLANG_WARN_BOOL_CONVERSION = YES;
				CLANG_WARN_COMMA = YES;
				CLANG_WARN_CONSTANT_CONVERSION = YES;
				CLANG_WARN_DEPRECATED_OBJC_IMPLEMENTATIONS = YES;
				CLANG_WARN_DIRECT_OBJC_ISA_USAGE = YES_ERROR;
				CLANG_WARN_DOCUMENTATION_COMMENTS = YES;
				CLANG_WARN_EMPTY_BODY = YES;
				CLANG_WARN_ENUM_CONVERSION = YES;
				CLANG_WARN_INFINITE_RECURSION = YES;
				CLANG_WARN_INT_CONVERSION = YES;
				CLANG_WARN_NON_LITERAL_NULL_CONVERSION = YES;
				CLANG_WARN_OBJC_IMPLICIT_RETAIN_SELF = YES;
				CLANG_WARN_OBJC_LITERAL_CONVERSION = YES;
				CLANG_WARN_OBJC_ROOT_CLASS = YES_ERROR;
				CLANG_WARN_RANGE_LOOP_ANALYSIS = YES;
				CLANG_WARN_STRICT_PROTOTYPES = YES;
				CLANG_WARN_SUSPICIOUS_MOVE = YES;
				CLANG_WARN_UNGUARDED_AVAILABILITY = YES_AGGRESSIVE;
				CLANG_WARN_UNREACHABLE_CODE = YES;
				CLANG_WARN__DUPLICATE_METHOD_MATCH = YES;
				CODE_SIGN_IDENTITY = "iPhone Developer";
				COPY_PHASE_STRIP = NO;
				DEBUG_INFORMATION_FORMAT = "dwarf-with-dsym";
				ENABLE_NS_ASSERTIONS = NO;
				ENABLE_STRICT_OBJC_MSGSEND = YES;
				GCC_C_LANGUAGE_STANDARD = gnu11;
				GCC_NO_COMMON_BLOCKS = YES;
				GCC_WARN_64_TO_32_BIT_CONVERSION = YES;
				GCC_WARN_ABOUT_RETURN_TYPE = YES_ERROR;
				GCC_WARN_UNDECLARED_SELECTOR = YES;
				GCC_WARN_UNINITIALIZED_AUTOS = YES_AGGRESSIVE;
				GCC_WARN_UNUSED_FUNCTION = YES;
				GCC_WARN_UNUSED_VARIABLE = YES;
				IPHONEOS_DEPLOYMENT_TARGET = 12.2;
				MTL_ENABLE_DEBUG_INFO = NO;
				MTL_FAST_MATH = YES;
				SDKROOT = iphoneos;
				SWIFT_COMPILATION_MODE = wholemodule;
				SWIFT_OPTIMIZATION_LEVEL = "-O";
				VALIDATE_PRODUCT = YES;
			};
			name = Release;
		};
		0412660223722A2A009C5E2B /* Debug */ = {
			isa = XCBuildConfiguration;
			baseConfigurationReference = 38D16E11099B0B09AD830A39 /* Pods-EGVApp.debug.xcconfig */;
			buildSettings = {
				ASSETCATALOG_COMPILER_APPICON_NAME = AppIcon;
				CODE_SIGN_STYLE = Automatic;
				DEVELOPMENT_TEAM = 4SZV57S5AH;
				INFOPLIST_FILE = EGVApp/Info.plist;
				LD_RUNPATH_SEARCH_PATHS = (
					"$(inherited)",
					"@executable_path/Frameworks",
				);
				PRODUCT_BUNDLE_IDENTIFIER = com.agenciaballoon.EGVApp;
				PRODUCT_NAME = "$(TARGET_NAME)";
				SWIFT_VERSION = 5.0;
				TARGETED_DEVICE_FAMILY = "1,2";
			};
			name = Debug;
		};
		0412660323722A2A009C5E2B /* Release */ = {
			isa = XCBuildConfiguration;
			baseConfigurationReference = 72A69298F46A22B7E769D283 /* Pods-EGVApp.release.xcconfig */;
			buildSettings = {
				ASSETCATALOG_COMPILER_APPICON_NAME = AppIcon;
				CODE_SIGN_STYLE = Automatic;
				DEVELOPMENT_TEAM = 4SZV57S5AH;
				INFOPLIST_FILE = EGVApp/Info.plist;
				LD_RUNPATH_SEARCH_PATHS = (
					"$(inherited)",
					"@executable_path/Frameworks",
				);
				PRODUCT_BUNDLE_IDENTIFIER = com.agenciaballoon.EGVApp;
				PRODUCT_NAME = "$(TARGET_NAME)";
				SWIFT_VERSION = 5.0;
				TARGETED_DEVICE_FAMILY = "1,2";
			};
			name = Release;
		};
/* End XCBuildConfiguration section */

/* Begin XCConfigurationList section */
		041265EA23722A27009C5E2B /* Build configuration list for PBXProject "EGVApp" */ = {
			isa = XCConfigurationList;
			buildConfigurations = (
				041265FF23722A2A009C5E2B /* Debug */,
				0412660023722A2A009C5E2B /* Release */,
			);
			defaultConfigurationIsVisible = 0;
			defaultConfigurationName = Release;
		};
		0412660123722A2A009C5E2B /* Build configuration list for PBXNativeTarget "EGVApp" */ = {
			isa = XCConfigurationList;
			buildConfigurations = (
				0412660223722A2A009C5E2B /* Debug */,
				0412660323722A2A009C5E2B /* Release */,
			);
			defaultConfigurationIsVisible = 0;
			defaultConfigurationName = Release;
		};
/* End XCConfigurationList section */
	};
	rootObject = 041265E723722A27009C5E2B /* Project object */;
}
